// !$*UTF8*$!
{
	archiveVersion = 1;
	classes = {
	};
	objectVersion = 50;
	objects = {

/* Begin PBXBuildFile section */
		A644446F222A18B70066FA47 /* Yelp.framework in Frameworks */ = {isa = PBXBuildFile; fileRef = A6444465222A18B70066FA47 /* Yelp.framework */; };
		A6444474222A18B70066FA47 /* YelpTests.swift in Sources */ = {isa = PBXBuildFile; fileRef = A6444473222A18B70066FA47 /* YelpTests.swift */; };
		A6444480222A28EC0066FA47 /* Business.swift in Sources */ = {isa = PBXBuildFile; fileRef = A644447F222A28EC0066FA47 /* Business.swift */; };
		A6444482222A2D470066FA47 /* Category.swift in Sources */ = {isa = PBXBuildFile; fileRef = A6444481222A2D470066FA47 /* Category.swift */; };
		A6444484222A2E910066FA47 /* Location.swift in Sources */ = {isa = PBXBuildFile; fileRef = A6444483222A2E910066FA47 /* Location.swift */; };
		A6444487222A376E0066FA47 /* Review.swift in Sources */ = {isa = PBXBuildFile; fileRef = A6444486222A376E0066FA47 /* Review.swift */; };
		A6444489222A385A0066FA47 /* User.swift in Sources */ = {isa = PBXBuildFile; fileRef = A6444488222A385A0066FA47 /* User.swift */; };
		A644448B222AE8650066FA47 /* Event.swift in Sources */ = {isa = PBXBuildFile; fileRef = A644448A222AE8650066FA47 /* Event.swift */; };
		A644448D222AE9FA0066FA47 /* Coordinates.swift in Sources */ = {isa = PBXBuildFile; fileRef = A644448C222AE9FA0066FA47 /* Coordinates.swift */; };
		A644448F222AEAB00066FA47 /* Hours.swift in Sources */ = {isa = PBXBuildFile; fileRef = A644448E222AEAB00066FA47 /* Hours.swift */; };
		A6444491222AEB420066FA47 /* Day.swift in Sources */ = {isa = PBXBuildFile; fileRef = A6444490222AEB420066FA47 /* Day.swift */; };
		A6444493222AEC4B0066FA47 /* SpecialHour.swift in Sources */ = {isa = PBXBuildFile; fileRef = A6444492222AEC4B0066FA47 /* SpecialHour.swift */; };
		A6444495222AECD60066FA47 /* Messaging.swift in Sources */ = {isa = PBXBuildFile; fileRef = A6444494222AECD60066FA47 /* Messaging.swift */; };
/* End PBXBuildFile section */

/* Begin PBXContainerItemProxy section */
		A6444470222A18B70066FA47 /* PBXContainerItemProxy */ = {
			isa = PBXContainerItemProxy;
			containerPortal = A644445C222A18B60066FA47 /* Project object */;
			proxyType = 1;
			remoteGlobalIDString = A6444464222A18B70066FA47;
			remoteInfo = Yelp;
		};
/* End PBXContainerItemProxy section */

/* Begin PBXFileReference section */
		A6444465222A18B70066FA47 /* Yelp.framework */ = {isa = PBXFileReference; explicitFileType = wrapper.framework; includeInIndex = 0; path = Yelp.framework; sourceTree = BUILT_PRODUCTS_DIR; };
		A6444469222A18B70066FA47 /* Info.plist */ = {isa = PBXFileReference; lastKnownFileType = text.plist.xml; path = Info.plist; sourceTree = "<group>"; };
		A644446E222A18B70066FA47 /* YelpTests.xctest */ = {isa = PBXFileReference; explicitFileType = wrapper.cfbundle; includeInIndex = 0; path = YelpTests.xctest; sourceTree = BUILT_PRODUCTS_DIR; };
		A6444473222A18B70066FA47 /* YelpTests.swift */ = {isa = PBXFileReference; lastKnownFileType = sourcecode.swift; path = YelpTests.swift; sourceTree = "<group>"; };
		A6444475222A18B70066FA47 /* Info.plist */ = {isa = PBXFileReference; lastKnownFileType = text.plist.xml; path = Info.plist; sourceTree = "<group>"; };
		A644447F222A28EC0066FA47 /* Business.swift */ = {isa = PBXFileReference; lastKnownFileType = sourcecode.swift; path = Business.swift; sourceTree = "<group>"; };
		A6444481222A2D470066FA47 /* Category.swift */ = {isa = PBXFileReference; lastKnownFileType = sourcecode.swift; path = Category.swift; sourceTree = "<group>"; };
		A6444483222A2E910066FA47 /* Location.swift */ = {isa = PBXFileReference; lastKnownFileType = sourcecode.swift; path = Location.swift; sourceTree = "<group>"; };
		A6444486222A376E0066FA47 /* Review.swift */ = {isa = PBXFileReference; lastKnownFileType = sourcecode.swift; path = Review.swift; sourceTree = "<group>"; };
		A6444488222A385A0066FA47 /* User.swift */ = {isa = PBXFileReference; lastKnownFileType = sourcecode.swift; path = User.swift; sourceTree = "<group>"; };
		A644448A222AE8650066FA47 /* Event.swift */ = {isa = PBXFileReference; lastKnownFileType = sourcecode.swift; path = Event.swift; sourceTree = "<group>"; };
		A644448C222AE9FA0066FA47 /* Coordinates.swift */ = {isa = PBXFileReference; lastKnownFileType = sourcecode.swift; path = Coordinates.swift; sourceTree = "<group>"; };
		A644448E222AEAB00066FA47 /* Hours.swift */ = {isa = PBXFileReference; lastKnownFileType = sourcecode.swift; path = Hours.swift; sourceTree = "<group>"; };
		A6444490222AEB420066FA47 /* Day.swift */ = {isa = PBXFileReference; lastKnownFileType = sourcecode.swift; path = Day.swift; sourceTree = "<group>"; };
		A6444492222AEC4B0066FA47 /* SpecialHour.swift */ = {isa = PBXFileReference; lastKnownFileType = sourcecode.swift; path = SpecialHour.swift; sourceTree = "<group>"; };
		A6444494222AECD60066FA47 /* Messaging.swift */ = {isa = PBXFileReference; lastKnownFileType = sourcecode.swift; path = Messaging.swift; sourceTree = "<group>"; };
/* End PBXFileReference section */

/* Begin PBXFrameworksBuildPhase section */
		A6444462222A18B70066FA47 /* Frameworks */ = {
			isa = PBXFrameworksBuildPhase;
			buildActionMask = 2147483647;
			files = (
			);
			runOnlyForDeploymentPostprocessing = 0;
		};
		A644446B222A18B70066FA47 /* Frameworks */ = {
			isa = PBXFrameworksBuildPhase;
			buildActionMask = 2147483647;
			files = (
				A644446F222A18B70066FA47 /* Yelp.framework in Frameworks */,
			);
			runOnlyForDeploymentPostprocessing = 0;
		};
/* End PBXFrameworksBuildPhase section */

/* Begin PBXGroup section */
		A644445B222A18B60066FA47 = {
			isa = PBXGroup;
			children = (
				A6444467222A18B70066FA47 /* Yelp */,
				A6444472222A18B70066FA47 /* YelpTests */,
				A6444466222A18B70066FA47 /* Products */,
			);
			sourceTree = "<group>";
		};
		A6444466222A18B70066FA47 /* Products */ = {
			isa = PBXGroup;
			children = (
				A6444465222A18B70066FA47 /* Yelp.framework */,
				A644446E222A18B70066FA47 /* YelpTests.xctest */,
			);
			name = Products;
			sourceTree = "<group>";
		};
		A6444467222A18B70066FA47 /* Yelp */ = {
			isa = PBXGroup;
			children = (
				A644447F222A28EC0066FA47 /* Business.swift */,
				A644448C222AE9FA0066FA47 /* Coordinates.swift */,
				A6444481222A2D470066FA47 /* Category.swift */,
				A6444483222A2E910066FA47 /* Location.swift */,
				A6444486222A376E0066FA47 /* Review.swift */,
				A6444488222A385A0066FA47 /* User.swift */,
				A644448A222AE8650066FA47 /* Event.swift */,
				A644448E222AEAB00066FA47 /* Hours.swift */,
				A6444492222AEC4B0066FA47 /* SpecialHour.swift */,
				A6444490222AEB420066FA47 /* Day.swift */,
				A6444494222AECD60066FA47 /* Messaging.swift */,
				A6444485222A31030066FA47 /* Resources */,
			);
			path = Yelp;
			sourceTree = "<group>";
		};
		A6444472222A18B70066FA47 /* YelpTests */ = {
			isa = PBXGroup;
			children = (
				A6444473222A18B70066FA47 /* YelpTests.swift */,
				A6444475222A18B70066FA47 /* Info.plist */,
			);
			path = YelpTests;
			sourceTree = "<group>";
		};
		A6444485222A31030066FA47 /* Resources */ = {
			isa = PBXGroup;
			children = (
				A6444469222A18B70066FA47 /* Info.plist */,
			);
			path = Resources;
			sourceTree = "<group>";
		};
/* End PBXGroup section */

/* Begin PBXHeadersBuildPhase section */
		A6444460222A18B70066FA47 /* Headers */ = {
			isa = PBXHeadersBuildPhase;
			buildActionMask = 2147483647;
			files = (
			);
			runOnlyForDeploymentPostprocessing = 0;
		};
/* End PBXHeadersBuildPhase section */

/* Begin PBXNativeTarget section */
		A6444464222A18B70066FA47 /* Yelp */ = {
			isa = PBXNativeTarget;
			buildConfigurationList = A6444479222A18B70066FA47 /* Build configuration list for PBXNativeTarget "Yelp" */;
			buildPhases = (
				A6444460222A18B70066FA47 /* Headers */,
				A6444461222A18B70066FA47 /* Sources */,
				A6444462222A18B70066FA47 /* Frameworks */,
				A6444463222A18B70066FA47 /* Resources */,
			);
			buildRules = (
			);
			dependencies = (
			);
			name = Yelp;
			productName = Yelp;
			productReference = A6444465222A18B70066FA47 /* Yelp.framework */;
			productType = "com.apple.product-type.framework";
		};
		A644446D222A18B70066FA47 /* YelpTests */ = {
			isa = PBXNativeTarget;
			buildConfigurationList = A644447C222A18B70066FA47 /* Build configuration list for PBXNativeTarget "YelpTests" */;
			buildPhases = (
				A644446A222A18B70066FA47 /* Sources */,
				A644446B222A18B70066FA47 /* Frameworks */,
				A644446C222A18B70066FA47 /* Resources */,
			);
			buildRules = (
			);
			dependencies = (
				A6444471222A18B70066FA47 /* PBXTargetDependency */,
			);
			name = YelpTests;
			productName = YelpTests;
			productReference = A644446E222A18B70066FA47 /* YelpTests.xctest */;
			productType = "com.apple.product-type.bundle.unit-test";
		};
/* End PBXNativeTarget section */

/* Begin PBXProject section */
		A644445C222A18B60066FA47 /* Project object */ = {
			isa = PBXProject;
			attributes = {
				LastSwiftUpdateCheck = 1010;
				LastUpgradeCheck = 1010;
				ORGANIZATIONNAME = "Alexander Kerendian";
				TargetAttributes = {
					A6444464222A18B70066FA47 = {
						CreatedOnToolsVersion = 10.1;
						LastSwiftMigration = 1010;
					};
					A644446D222A18B70066FA47 = {
						CreatedOnToolsVersion = 10.1;
					};
				};
			};
			buildConfigurationList = A644445F222A18B60066FA47 /* Build configuration list for PBXProject "Yelp" */;
			compatibilityVersion = "Xcode 9.3";
			developmentRegion = en;
			hasScannedForEncodings = 0;
			knownRegions = (
				en,
			);
			mainGroup = A644445B222A18B60066FA47;
			productRefGroup = A6444466222A18B70066FA47 /* Products */;
			projectDirPath = "";
			projectRoot = "";
			targets = (
				A6444464222A18B70066FA47 /* Yelp */,
				A644446D222A18B70066FA47 /* YelpTests */,
			);
		};
/* End PBXProject section */

/* Begin PBXResourcesBuildPhase section */
		A6444463222A18B70066FA47 /* Resources */ = {
			isa = PBXResourcesBuildPhase;
			buildActionMask = 2147483647;
			files = (
			);
			runOnlyForDeploymentPostprocessing = 0;
		};
		A644446C222A18B70066FA47 /* Resources */ = {
			isa = PBXResourcesBuildPhase;
			buildActionMask = 2147483647;
			files = (
			);
			runOnlyForDeploymentPostprocessing = 0;
		};
/* End PBXResourcesBuildPhase section */

/* Begin PBXSourcesBuildPhase section */
		A6444461222A18B70066FA47 /* Sources */ = {
			isa = PBXSourcesBuildPhase;
			buildActionMask = 2147483647;
			files = (
				A6444480222A28EC0066FA47 /* Business.swift in Sources */,
				A6444487222A376E0066FA47 /* Review.swift in Sources */,
				A644448D222AE9FA0066FA47 /* Coordinates.swift in Sources */,
				A6444484222A2E910066FA47 /* Location.swift in Sources */,
				A6444489222A385A0066FA47 /* User.swift in Sources */,
				A6444495222AECD60066FA47 /* Messaging.swift in Sources */,
				A6444491222AEB420066FA47 /* Day.swift in Sources */,
				A644448B222AE8650066FA47 /* Event.swift in Sources */,
				A6444493222AEC4B0066FA47 /* SpecialHour.swift in Sources */,
				A6444482222A2D470066FA47 /* Category.swift in Sources */,
				A644448F222AEAB00066FA47 /* Hours.swift in Sources */,
			);
			runOnlyForDeploymentPostprocessing = 0;
		};
		A644446A222A18B70066FA47 /* Sources */ = {
			isa = PBXSourcesBuildPhase;
			buildActionMask = 2147483647;
			files = (
				A6444474222A18B70066FA47 /* YelpTests.swift in Sources */,
			);
			runOnlyForDeploymentPostprocessing = 0;
		};
/* End PBXSourcesBuildPhase section */

/* Begin PBXTargetDependency section */
		A6444471222A18B70066FA47 /* PBXTargetDependency */ = {
			isa = PBXTargetDependency;
			target = A6444464222A18B70066FA47 /* Yelp */;
			targetProxy = A6444470222A18B70066FA47 /* PBXContainerItemProxy */;
		};
/* End PBXTargetDependency section */

/* Begin XCBuildConfiguration section */
		A6444477222A18B70066FA47 /* Debug */ = {
			isa = XCBuildConfiguration;
			buildSettings = {
				ALWAYS_SEARCH_USER_PATHS = NO;
				CLANG_ANALYZER_NONNULL = YES;
				CLANG_ANALYZER_NUMBER_OBJECT_CONVERSION = YES_AGGRESSIVE;
				CLANG_CXX_LANGUAGE_STANDARD = "gnu++14";
				CLANG_CXX_LIBRARY = "libc++";
				CLANG_ENABLE_MODULES = YES;
				CLANG_ENABLE_OBJC_ARC = YES;
				CLANG_ENABLE_OBJC_WEAK = YES;
				CLANG_WARN_BLOCK_CAPTURE_AUTORELEASING = YES;
				CLANG_WARN_BOOL_CONVERSION = YES;
				CLANG_WARN_COMMA = YES;
				CLANG_WARN_CONSTANT_CONVERSION = YES;
				CLANG_WARN_DEPRECATED_OBJC_IMPLEMENTATIONS = YES;
				CLANG_WARN_DIRECT_OBJC_ISA_USAGE = YES_ERROR;
				CLANG_WARN_DOCUMENTATION_COMMENTS = YES;
				CLANG_WARN_EMPTY_BODY = YES;
				CLANG_WARN_ENUM_CONVERSION = YES;
				CLANG_WARN_INFINITE_RECURSION = YES;
				CLANG_WARN_INT_CONVERSION = YES;
				CLANG_WARN_NON_LITERAL_NULL_CONVERSION = YES;
				CLANG_WARN_OBJC_IMPLICIT_RETAIN_SELF = YES;
				CLANG_WARN_OBJC_LITERAL_CONVERSION = YES;
				CLANG_WARN_OBJC_ROOT_CLASS = YES_ERROR;
				CLANG_WARN_RANGE_LOOP_ANALYSIS = YES;
				CLANG_WARN_STRICT_PROTOTYPES = YES;
				CLANG_WARN_SUSPICIOUS_MOVE = YES;
				CLANG_WARN_UNGUARDED_AVAILABILITY = YES_AGGRESSIVE;
				CLANG_WARN_UNREACHABLE_CODE = YES;
				CLANG_WARN__DUPLICATE_METHOD_MATCH = YES;
				CODE_SIGN_IDENTITY = "iPhone Developer";
				COPY_PHASE_STRIP = NO;
				CURRENT_PROJECT_VERSION = 1;
				DEBUG_INFORMATION_FORMAT = dwarf;
				ENABLE_STRICT_OBJC_MSGSEND = YES;
				ENABLE_TESTABILITY = YES;
				GCC_C_LANGUAGE_STANDARD = gnu11;
				GCC_DYNAMIC_NO_PIC = NO;
				GCC_NO_COMMON_BLOCKS = YES;
				GCC_OPTIMIZATION_LEVEL = 0;
				GCC_PREPROCESSOR_DEFINITIONS = (
					"DEBUG=1",
					"$(inherited)",
				);
				GCC_WARN_64_TO_32_BIT_CONVERSION = YES;
				GCC_WARN_ABOUT_RETURN_TYPE = YES_ERROR;
				GCC_WARN_UNDECLARED_SELECTOR = YES;
				GCC_WARN_UNINITIALIZED_AUTOS = YES_AGGRESSIVE;
				GCC_WARN_UNUSED_FUNCTION = YES;
				GCC_WARN_UNUSED_VARIABLE = YES;
				IPHONEOS_DEPLOYMENT_TARGET = 12.1;
				MTL_ENABLE_DEBUG_INFO = INCLUDE_SOURCE;
				MTL_FAST_MATH = YES;
				ONLY_ACTIVE_ARCH = YES;
				SDKROOT = iphoneos;
				SWIFT_ACTIVE_COMPILATION_CONDITIONS = DEBUG;
				SWIFT_OPTIMIZATION_LEVEL = "-Onone";
				VERSIONING_SYSTEM = "apple-generic";
				VERSION_INFO_PREFIX = "";
			};
			name = Debug;
		};
		A6444478222A18B70066FA47 /* Release */ = {
			isa = XCBuildConfiguration;
			buildSettings = {
				ALWAYS_SEARCH_USER_PATHS = NO;
				CLANG_ANALYZER_NONNULL = YES;
				CLANG_ANALYZER_NUMBER_OBJECT_CONVERSION = YES_AGGRESSIVE;
				CLANG_CXX_LANGUAGE_STANDARD = "gnu++14";
				CLANG_CXX_LIBRARY = "libc++";
				CLANG_ENABLE_MODULES = YES;
				CLANG_ENABLE_OBJC_ARC = YES;
				CLANG_ENABLE_OBJC_WEAK = YES;
				CLANG_WARN_BLOCK_CAPTURE_AUTORELEASING = YES;
				CLANG_WARN_BOOL_CONVERSION = YES;
				CLANG_WARN_COMMA = YES;
				CLANG_WARN_CONSTANT_CONVERSION = YES;
				CLANG_WARN_DEPRECATED_OBJC_IMPLEMENTATIONS = YES;
				CLANG_WARN_DIRECT_OBJC_ISA_USAGE = YES_ERROR;
				CLANG_WARN_DOCUMENTATION_COMMENTS = YES;
				CLANG_WARN_EMPTY_BODY = YES;
				CLANG_WARN_ENUM_CONVERSION = YES;
				CLANG_WARN_INFINITE_RECURSION = YES;
				CLANG_WARN_INT_CONVERSION = YES;
				CLANG_WARN_NON_LITERAL_NULL_CONVERSION = YES;
				CLANG_WARN_OBJC_IMPLICIT_RETAIN_SELF = YES;
				CLANG_WARN_OBJC_LITERAL_CONVERSION = YES;
				CLANG_WARN_OBJC_ROOT_CLASS = YES_ERROR;
				CLANG_WARN_RANGE_LOOP_ANALYSIS = YES;
				CLANG_WARN_STRICT_PROTOTYPES = YES;
				CLANG_WARN_SUSPICIOUS_MOVE = YES;
				CLANG_WARN_UNGUARDED_AVAILABILITY = YES_AGGRESSIVE;
				CLANG_WARN_UNREACHABLE_CODE = YES;
				CLANG_WARN__DUPLICATE_METHOD_MATCH = YES;
				CODE_SIGN_IDENTITY = "iPhone Developer";
				COPY_PHASE_STRIP = NO;
				CURRENT_PROJECT_VERSION = 1;
				DEBUG_INFORMATION_FORMAT = "dwarf-with-dsym";
				ENABLE_NS_ASSERTIONS = NO;
				ENABLE_STRICT_OBJC_MSGSEND = YES;
				GCC_C_LANGUAGE_STANDARD = gnu11;
				GCC_NO_COMMON_BLOCKS = YES;
				GCC_WARN_64_TO_32_BIT_CONVERSION = YES;
				GCC_WARN_ABOUT_RETURN_TYPE = YES_ERROR;
				GCC_WARN_UNDECLARED_SELECTOR = YES;
				GCC_WARN_UNINITIALIZED_AUTOS = YES_AGGRESSIVE;
				GCC_WARN_UNUSED_FUNCTION = YES;
				GCC_WARN_UNUSED_VARIABLE = YES;
				IPHONEOS_DEPLOYMENT_TARGET = 12.1;
				MTL_ENABLE_DEBUG_INFO = NO;
				MTL_FAST_MATH = YES;
				SDKROOT = iphoneos;
				SWIFT_COMPILATION_MODE = wholemodule;
				SWIFT_OPTIMIZATION_LEVEL = "-O";
				VALIDATE_PRODUCT = YES;
				VERSIONING_SYSTEM = "apple-generic";
				VERSION_INFO_PREFIX = "";
			};
			name = Release;
		};
		A644447A222A18B70066FA47 /* Debug */ = {
			isa = XCBuildConfiguration;
			buildSettings = {
				CLANG_ENABLE_MODULES = YES;
				CODE_SIGN_IDENTITY = "";
				CODE_SIGN_STYLE = Automatic;
				DEFINES_MODULE = YES;
				DEVELOPMENT_TEAM = 6PQJ4KYE37;
				DYLIB_COMPATIBILITY_VERSION = 1;
				DYLIB_CURRENT_VERSION = 1;
				DYLIB_INSTALL_NAME_BASE = "@rpath";
				INFOPLIST_FILE = Yelp/Resources/Info.plist;
				INSTALL_PATH = "$(LOCAL_LIBRARY_DIR)/Frameworks";
				LD_RUNPATH_SEARCH_PATHS = (
					"$(inherited)",
					"@executable_path/Frameworks",
					"@loader_path/Frameworks",
				);
				PRODUCT_BUNDLE_IDENTIFIER = "com.alexander-kerendian.Yelp";
				PRODUCT_NAME = "$(TARGET_NAME:c99extidentifier)";
				SKIP_INSTALL = YES;
				SWIFT_OPTIMIZATION_LEVEL = "-Onone";
				SWIFT_VERSION = 4.2;
				TARGETED_DEVICE_FAMILY = "1,2";
			};
			name = Debug;
		};
		A644447B222A18B70066FA47 /* Release */ = {
			isa = XCBuildConfiguration;
			buildSettings = {
				CLANG_ENABLE_MODULES = YES;
				CODE_SIGN_IDENTITY = "";
				CODE_SIGN_STYLE = Automatic;
				DEFINES_MODULE = YES;
				DEVELOPMENT_TEAM = 6PQJ4KYE37;
				DYLIB_COMPATIBILITY_VERSION = 1;
				DYLIB_CURRENT_VERSION = 1;
				DYLIB_INSTALL_NAME_BASE = "@rpath";
				INFOPLIST_FILE = Yelp/Resources/Info.plist;
				INSTALL_PATH = "$(LOCAL_LIBRARY_DIR)/Frameworks";
				LD_RUNPATH_SEARCH_PATHS = (
					"$(inherited)",
					"@executable_path/Frameworks",
					"@loader_path/Frameworks",
				);
				PRODUCT_BUNDLE_IDENTIFIER = "com.alexander-kerendian.Yelp";
				PRODUCT_NAME = "$(TARGET_NAME:c99extidentifier)";
				SKIP_INSTALL = YES;
				SWIFT_VERSION = 4.2;
				TARGETED_DEVICE_FAMILY = "1,2";
			};
			name = Release;
		};
		A644447D222A18B70066FA47 /* Debug */ = {
			isa = XCBuildConfiguration;
			buildSettings = {
				ALWAYS_EMBED_SWIFT_STANDARD_LIBRARIES = YES;
				CODE_SIGN_STYLE = Automatic;
				DEVELOPMENT_TEAM = 6PQJ4KYE37;
				INFOPLIST_FILE = YelpTests/Info.plist;
				LD_RUNPATH_SEARCH_PATHS = (
					"$(inherited)",
					"@executable_path/Frameworks",
					"@loader_path/Frameworks",
				);
				PRODUCT_BUNDLE_IDENTIFIER = "com.alexander-kerendian.YelpTests";
				PRODUCT_NAME = "$(TARGET_NAME)";
				SWIFT_VERSION = 4.2;
				TARGETED_DEVICE_FAMILY = "1,2";
			};
			name = Debug;
		};
		A644447E222A18B70066FA47 /* Release */ = {
			isa = XCBuildConfiguration;
			buildSettings = {
				ALWAYS_EMBED_SWIFT_STANDARD_LIBRARIES = YES;
				CODE_SIGN_STYLE = Automatic;
				DEVELOPMENT_TEAM = 6PQJ4KYE37;
				INFOPLIST_FILE = YelpTests/Info.plist;
				LD_RUNPATH_SEARCH_PATHS = (
					"$(inherited)",
					"@executable_path/Frameworks",
					"@loader_path/Frameworks",
				);
				PRODUCT_BUNDLE_IDENTIFIER = "com.alexander-kerendian.YelpTests";
				PRODUCT_NAME = "$(TARGET_NAME)";
				SWIFT_VERSION = 4.2;
				TARGETED_DEVICE_FAMILY = "1,2";
			};
			name = Release;
		};
/* End XCBuildConfiguration section */

/* Begin XCConfigurationList section */
		A644445F222A18B60066FA47 /* Build configuration list for PBXProject "Yelp" */ = {
			isa = XCConfigurationList;
			buildConfigurations = (
				A6444477222A18B70066FA47 /* Debug */,
				A6444478222A18B70066FA47 /* Release */,
			);
			defaultConfigurationIsVisible = 0;
			defaultConfigurationName = Release;
		};
		A6444479222A18B70066FA47 /* Build configuration list for PBXNativeTarget "Yelp" */ = {
			isa = XCConfigurationList;
			buildConfigurations = (
				A644447A222A18B70066FA47 /* Debug */,
				A644447B222A18B70066FA47 /* Release */,
			);
			defaultConfigurationIsVisible = 0;
			defaultConfigurationName = Release;
		};
		A644447C222A18B70066FA47 /* Build configuration list for PBXNativeTarget "YelpTests" */ = {
			isa = XCConfigurationList;
			buildConfigurations = (
				A644447D222A18B70066FA47 /* Debug */,
				A644447E222A18B70066FA47 /* Release */,
			);
			defaultConfigurationIsVisible = 0;
			defaultConfigurationName = Release;
		};
/* End XCConfigurationList section */
	};
	rootObject = A644445C222A18B60066FA47 /* Project object */;
}
